speakeasyVersion: 1.542.3
sources:
    Glean API:
        sourceNamespace: glean-api-specs
        sourceRevisionDigest: sha256:1d45150523687a7208fb23a2f99eaab8c91606bca2c2b50fdf188f55a39e07f3
        sourceBlobDigest: sha256:a8190925530e0b57f9ee3865a8e9f6894922fbffd7765e13204ff0776e60c258
        tags:
            - latest
    Glean Client API:
        sourceNamespace: glean-client-api
        sourceRevisionDigest: sha256:aec0770b5bcca91068c3a844cb9ef4a091281f6cc3b7d86f2abef1bd6fb2b301
        sourceBlobDigest: sha256:acbff643c05e81df02a7c7743df01efa837a047ae6fece17514a1134a3665519
        tags:
            - latest
            - 0.9.0
targets:
    glean:
        source: Glean API
        sourceNamespace: glean-api-specs
        sourceRevisionDigest: sha256:1d45150523687a7208fb23a2f99eaab8c91606bca2c2b50fdf188f55a39e07f3
        sourceBlobDigest: sha256:a8190925530e0b57f9ee3865a8e9f6894922fbffd7765e13204ff0776e60c258
        codeSamplesNamespace: glean-api-specs-typescript-code-samples
        codeSamplesRevisionDigest: sha256:603d40e488261ea8b130e9772c44fdc2dfe1e3457690f962fbac1e5bdb3e995b
workflow:
    workflowVersion: 1.0.0
    speakeasyVersion: latest
    sources:
        Glean API:
            inputs:
                - location: registry.speakeasyapi.dev/glean-el2/sdk/glean-api-specs
            output: .speakeasy/glean-merged-spec.yaml
    targets:
        glean:
            target: typescript
            source: Glean API
            publish:
                npm:
                    token: $npm_token
            codeSamples:
                registry:
                    location: registry.speakeasyapi.dev/glean-el2/sdk/glean-api-specs-typescript-code-samples
                labelOverride:
                    fixedValue: Typescript (SDK)
                blocking: false
            testing:
                enabled: true
