speakeasyVersion: 1.551.0
sources:
    Glean API:
        sourceNamespace: glean-api-specs
        sourceRevisionDigest: sha256:19bdc2bf07eeb544a553f779721a6ea376c76f1151fc50b969ef2e1480961216
        sourceBlobDigest: sha256:72fae84ea6b447fffca2f20ac16c5276c24c4a63cc8fd1c4b42e6ab92046b4dd
        tags:
            - latest
            - speakeasy-sdk-regen-1768436220
    Glean Client API:
        sourceNamespace: glean-client-api
        sourceRevisionDigest: sha256:aec0770b5bcca91068c3a844cb9ef4a091281f6cc3b7d86f2abef1bd6fb2b301
        sourceBlobDigest: sha256:acbff643c05e81df02a7c7743df01efa837a047ae6fece17514a1134a3665519
        tags:
            - latest
            - 0.9.0
targets:
    glean:
        source: Glean API
        sourceNamespace: glean-api-specs
        sourceRevisionDigest: sha256:19bdc2bf07eeb544a553f779721a6ea376c76f1151fc50b969ef2e1480961216
        sourceBlobDigest: sha256:72fae84ea6b447fffca2f20ac16c5276c24c4a63cc8fd1c4b42e6ab92046b4dd
        codeSamplesNamespace: glean-api-specs-typescript-code-samples
        codeSamplesRevisionDigest: sha256:d924806a9308bd6bfaabdf96241438d595b19ccdc83dd120bc41523a2c0a8e1a
workflow:
    workflowVersion: 1.0.0
    speakeasyVersion: latest
    sources:
        Glean API:
            inputs:
                - location: registry.speakeasyapi.dev/glean-el2/sdk/glean-api-specs
            output: .speakeasy/glean-merged-spec.yaml
    targets:
        glean:
            target: typescript
            source: Glean API
            publish:
                npm:
                    token: $npm_token
            codeSamples:
                registry:
                    location: registry.speakeasyapi.dev/glean-el2/sdk/glean-api-specs-typescript-code-samples
                labelOverride:
                    fixedValue: Typescript (API Client)
                blocking: false
            testing:
                enabled: true
