speakeasyVersion: 1.551.0
sources:
    Glean API:
        sourceNamespace: glean-api-specs
        sourceRevisionDigest: sha256:5ad2158c31d28346b84fa429ec6d8e47760d597e84f4c0d0e77d6faf3b3ef5a6
        sourceBlobDigest: sha256:5995600ceb9a9157868b24bb304312f88a77d4aee8afb875b99207dec65557c0
        tags:
            - latest
            - speakeasy-sdk-regen-1753229781
    Glean Client API:
        sourceNamespace: glean-client-api
        sourceRevisionDigest: sha256:aec0770b5bcca91068c3a844cb9ef4a091281f6cc3b7d86f2abef1bd6fb2b301
        sourceBlobDigest: sha256:acbff643c05e81df02a7c7743df01efa837a047ae6fece17514a1134a3665519
        tags:
            - latest
            - 0.9.0
targets:
    glean:
        source: Glean API
        sourceNamespace: glean-api-specs
        sourceRevisionDigest: sha256:5ad2158c31d28346b84fa429ec6d8e47760d597e84f4c0d0e77d6faf3b3ef5a6
        sourceBlobDigest: sha256:5995600ceb9a9157868b24bb304312f88a77d4aee8afb875b99207dec65557c0
        codeSamplesNamespace: glean-api-specs-typescript-code-samples
        codeSamplesRevisionDigest: sha256:358ef05e20d8486dcceaa9e148b1d433828ea0ef459cfeb016c814f710f5dd6e
workflow:
    workflowVersion: 1.0.0
    speakeasyVersion: latest
    sources:
        Glean API:
            inputs:
                - location: registry.speakeasyapi.dev/glean-el2/sdk/glean-api-specs
            output: .speakeasy/glean-merged-spec.yaml
    targets:
        glean:
            target: typescript
            source: Glean API
            publish:
                npm:
                    token: $npm_token
            codeSamples:
                registry:
                    location: registry.speakeasyapi.dev/glean-el2/sdk/glean-api-specs-typescript-code-samples
                labelOverride:
                    fixedValue: Typescript (API Client)
                blocking: false
            testing:
                enabled: true
